
Microsoft Visual Studio Solution File, Format Version 12.00
# Visual Studio Version 17
VisualStudioVersion = 17.9.34723.18
MinimumVisualStudioVersion = 10.0.40219.1
Project("{9A19103F-16F7-4668-BE54-9A1E7A4F7556}") = "CoderamaHomework", "CoderamaHomework.csproj", "{BB79B178-0FBB-4CB5-980C-E000699634FF}"
EndProject
Project("{9A19103F-16F7-4668-BE54-9A1E7A4F7556}") = "CoderamaHomework.Data", "..\Data\CoderamaHomework.Data.csproj", "{9FBCA98A-487B-46DC-A8B0-303042423E03}"
EndProject
Project("{9A19103F-16F7-4668-BE54-9A1E7A4F7556}") = "CoderamaHomework.ServiceContracts", "..\CoderamaHomework.ServiceContracts\CoderamaHomework.ServiceContracts.csproj", "{B2F9C8A5-6FE3-4848-A59C-1F7B44CE57E2}"
EndProject
Project("{9A19103F-16F7-4668-BE54-9A1E7A4F7556}") = "CoderamaHomework.Services", "..\CoderamaHomework.Services\CoderamaHomework.Services.csproj", "{4DF6F6BC-944C-417D-9493-22DF4046D651}"
EndProject
Project("{FAE04EC0-301F-11D3-BF4B-00C04F79EFBC}") = "CoderamaHomework.TestUnits", "..\CoderamaHomework.TestUnits\CoderamaHomework.TestUnits.csproj", "{DD4C5526-FB66-4365-9709-81E7A34EF80B}"
EndProject
Global
	GlobalSection(SolutionConfigurationPlatforms) = preSolution
		Debug|Any CPU = Debug|Any CPU
		Release|Any CPU = Release|Any CPU
	EndGlobalSection
	GlobalSection(ProjectConfigurationPlatforms) = postSolution
		{BB79B178-0FBB-4CB5-980C-E000699634FF}.Debug|Any CPU.ActiveCfg = Debug|Any CPU
		{BB79B178-0FBB-4CB5-980C-E000699634FF}.Debug|Any CPU.Build.0 = Debug|Any CPU
		{BB79B178-0FBB-4CB5-980C-E000699634FF}.Release|Any CPU.ActiveCfg = Release|Any CPU
		{BB79B178-0FBB-4CB5-980C-E000699634FF}.Release|Any CPU.Build.0 = Release|Any CPU
		{9FBCA98A-487B-46DC-A8B0-303042423E03}.Debug|Any CPU.ActiveCfg = Debug|Any CPU
		{9FBCA98A-487B-46DC-A8B0-303042423E03}.Debug|Any CPU.Build.0 = Debug|Any CPU
		{9FBCA98A-487B-46DC-A8B0-303042423E03}.Release|Any CPU.ActiveCfg = Release|Any CPU
		{9FBCA98A-487B-46DC-A8B0-303042423E03}.Release|Any CPU.Build.0 = Release|Any CPU
		{B2F9C8A5-6FE3-4848-A59C-1F7B44CE57E2}.Debug|Any CPU.ActiveCfg = Debug|Any CPU
		{B2F9C8A5-6FE3-4848-A59C-1F7B44CE57E2}.Debug|Any CPU.Build.0 = Debug|Any CPU
		{B2F9C8A5-6FE3-4848-A59C-1F7B44CE57E2}.Release|Any CPU.ActiveCfg = Release|Any CPU
		{B2F9C8A5-6FE3-4848-A59C-1F7B44CE57E2}.Release|Any CPU.Build.0 = Release|Any CPU
		{4DF6F6BC-944C-417D-9493-22DF4046D651}.Debug|Any CPU.ActiveCfg = Debug|Any CPU
		{4DF6F6BC-944C-417D-9493-22DF4046D651}.Debug|Any CPU.Build.0 = Debug|Any CPU
		{4DF6F6BC-944C-417D-9493-22DF4046D651}.Release|Any CPU.ActiveCfg = Release|Any CPU
		{4DF6F6BC-944C-417D-9493-22DF4046D651}.Release|Any CPU.Build.0 = Release|Any CPU
		{DD4C5526-FB66-4365-9709-81E7A34EF80B}.Debug|Any CPU.ActiveCfg = Debug|Any CPU
		{DD4C5526-FB66-4365-9709-81E7A34EF80B}.Debug|Any CPU.Build.0 = Debug|Any CPU
		{DD4C5526-FB66-4365-9709-81E7A34EF80B}.Release|Any CPU.ActiveCfg = Release|Any CPU
		{DD4C5526-FB66-4365-9709-81E7A34EF80B}.Release|Any CPU.Build.0 = Release|Any CPU
	EndGlobalSection
	GlobalSection(SolutionProperties) = preSolution
		HideSolutionNode = FALSE
	EndGlobalSection
	GlobalSection(ExtensibilityGlobals) = postSolution
		SolutionGuid = {B7AC497C-E32C-4E54-9644-E3F8B527BD8B}
	EndGlobalSection
EndGlobal
